{
  "name": "@dicebear/styles",
  "version": "10.6.0",
  "lockfileVersion": 3,
  "requires": true,
  "packages": {
    "": {
      "name": "@dicebear/styles",
      "version": "10.6.0",
      "license": "SEE LICENSE IN LICENSE.md",
      "devDependencies": {
        "@dicebear/schema": "^1.4.0"
      }
    },
    "node_modules/@dicebear/schema": {
      "version": "1.4.0",
      "resolved": "https://registry.npmjs.org/@dicebear/schema/-/schema-1.4.0.tgz",
      "integrity": "sha512-UfFI2OaqfRINcNW2HBLgxgfgpJfAwyBMRMA2Pj82ftx7D2FSNSHr28c62shVGp7wi6VaH/M3G14trkNBsJBXrQ==",
      "dev": true,
      "license": "MIT"
    }
  }
}
