{
  "name": "@dicebear/styles",
  "version": "10.0.0-rc.10",
  "lockfileVersion": 3,
  "requires": true,
  "packages": {
    "": {
      "name": "@dicebear/styles",
      "version": "10.0.0-rc.10",
      "devDependencies": {
        "@dicebear/schema": "^1.0.0"
      }
    },
    "node_modules/@dicebear/schema": {
      "version": "1.0.0",
      "resolved": "https://registry.npmjs.org/@dicebear/schema/-/schema-1.0.0.tgz",
      "integrity": "sha512-ee3exZ8XKxVV7Dx0mb2jXB6nhBhe4e5h1qoRBktIPpJXX8orfBipQpVMop83UqFyQUh3P0V/WzaDuHtrzDyr9w==",
      "dev": true,
      "license": "MIT"
    }
  }
}
