{
  "name": "@dicebear/styles",
  "version": "10.3.0",
  "lockfileVersion": 3,
  "requires": true,
  "packages": {
    "": {
      "name": "@dicebear/styles",
      "version": "10.3.0",
      "devDependencies": {
        "@dicebear/schema": "^1.3.0"
      }
    },
    "node_modules/@dicebear/schema": {
      "version": "1.3.0",
      "resolved": "https://registry.npmjs.org/@dicebear/schema/-/schema-1.3.0.tgz",
      "integrity": "sha512-Lu3fJUoADqHwYLnv+MWGTgLEwFFICL1doBlJBJHn6wCfS6+ndmBI9Muwegfu/qyCfNYUtNyK/gc06TY+Q7fRYA==",
      "dev": true,
      "license": "MIT"
    }
  }
}
